
Microsoft Visual Studio Solution File, Format Version 12.00
# Visual Studio 15
Project("{FAE04EC0-301F-11D3-BF4B-00C04F79EFBC}") = "02Lists", "02Lists\02Lists.csproj", "{01BD3209-0BF2-4D66-B9CE-F668D88CB590}"
EndProject
Global
	GlobalSection(SolutionConfigurationPlatforms) = preSolution
		Debug|iPhoneSimulator = Debug|iPhoneSimulator
		Release|iPhoneSimulator = Release|iPhoneSimulator
		Debug|iPhone = Debug|iPhone
		Release|iPhone = Release|iPhone
	EndGlobalSection
	GlobalSection(ProjectConfigurationPlatforms) = postSolution
		{01BD3209-0BF2-4D66-B9CE-F668D88CB590}.Debug|iPhoneSimulator.ActiveCfg = Debug|iPhoneSimulator
		{01BD3209-0BF2-4D66-B9CE-F668D88CB590}.Debug|iPhoneSimulator.Build.0 = Debug|iPhoneSimulator
		{01BD3209-0BF2-4D66-B9CE-F668D88CB590}.Release|iPhoneSimulator.ActiveCfg = Release|iPhoneSimulator
		{01BD3209-0BF2-4D66-B9CE-F668D88CB590}.Release|iPhoneSimulator.Build.0 = Release|iPhoneSimulator
		{01BD3209-0BF2-4D66-B9CE-F668D88CB590}.Debug|iPhone.ActiveCfg = Debug|iPhone
		{01BD3209-0BF2-4D66-B9CE-F668D88CB590}.Debug|iPhone.Build.0 = Debug|iPhone
		{01BD3209-0BF2-4D66-B9CE-F668D88CB590}.Release|iPhone.ActiveCfg = Release|iPhone
		{01BD3209-0BF2-4D66-B9CE-F668D88CB590}.Release|iPhone.Build.0 = Release|iPhone
	EndGlobalSection
EndGlobal
